
Microsoft Visual Studio Solution File, Format Version 12.00
# Visual Studio 2013
VisualStudioVersion = 12.0.40629.0
MinimumVisualStudioVersion = 10.0.40219.1
Project("{8BC9CEB8-8B4A-11D0-8D11-00A0C91BC942}") = "StaticImportTool", "StaticImportTool\StaticImportTool.vcxproj", "{7777DB3A-B906-48B8-BFA4-8F252968AE41}"
EndProject
Project("{8BC9CEB8-8B4A-11D0-8D11-00A0C91BC942}") = "StaticImportDLL", "StaticImportDLL\StaticImportDLL.vcxproj", "{4B0CE37B-CEF2-45EC-BDED-686593162ACF}"
EndProject
Project("{8BC9CEB8-8B4A-11D0-8D11-00A0C91BC942}") = "injectdll", "injectdll\injectdll.vcxproj", "{6FF73C9D-5933-40E4-B052-B5C9917D93A1}"
EndProject
Global
	GlobalSection(SolutionConfigurationPlatforms) = preSolution
		Debug|Win32 = Debug|Win32
		Debug|x64 = Debug|x64
		Release|Win32 = Release|Win32
		Release|x64 = Release|x64
	EndGlobalSection
	GlobalSection(ProjectConfigurationPlatforms) = postSolution
		{7777DB3A-B906-48B8-BFA4-8F252968AE41}.Debug|Win32.ActiveCfg = Debug|Win32
		{7777DB3A-B906-48B8-BFA4-8F252968AE41}.Debug|Win32.Build.0 = Debug|Win32
		{7777DB3A-B906-48B8-BFA4-8F252968AE41}.Debug|x64.ActiveCfg = Debug|x64
		{7777DB3A-B906-48B8-BFA4-8F252968AE41}.Debug|x64.Build.0 = Debug|x64
		{7777DB3A-B906-48B8-BFA4-8F252968AE41}.Release|Win32.ActiveCfg = Release|Win32
		{7777DB3A-B906-48B8-BFA4-8F252968AE41}.Release|Win32.Build.0 = Release|Win32
		{7777DB3A-B906-48B8-BFA4-8F252968AE41}.Release|x64.ActiveCfg = Release|x64
		{7777DB3A-B906-48B8-BFA4-8F252968AE41}.Release|x64.Build.0 = Release|x64
		{4B0CE37B-CEF2-45EC-BDED-686593162ACF}.Debug|Win32.ActiveCfg = Debug|Win32
		{4B0CE37B-CEF2-45EC-BDED-686593162ACF}.Debug|Win32.Build.0 = Debug|Win32
		{4B0CE37B-CEF2-45EC-BDED-686593162ACF}.Debug|x64.ActiveCfg = Debug|x64
		{4B0CE37B-CEF2-45EC-BDED-686593162ACF}.Debug|x64.Build.0 = Debug|x64
		{4B0CE37B-CEF2-45EC-BDED-686593162ACF}.Release|Win32.ActiveCfg = Release|Win32
		{4B0CE37B-CEF2-45EC-BDED-686593162ACF}.Release|Win32.Build.0 = Release|Win32
		{4B0CE37B-CEF2-45EC-BDED-686593162ACF}.Release|x64.ActiveCfg = Release|x64
		{4B0CE37B-CEF2-45EC-BDED-686593162ACF}.Release|x64.Build.0 = Release|x64
		{6FF73C9D-5933-40E4-B052-B5C9917D93A1}.Debug|Win32.ActiveCfg = Debug|Win32
		{6FF73C9D-5933-40E4-B052-B5C9917D93A1}.Debug|Win32.Build.0 = Debug|Win32
		{6FF73C9D-5933-40E4-B052-B5C9917D93A1}.Debug|x64.ActiveCfg = Debug|x64
		{6FF73C9D-5933-40E4-B052-B5C9917D93A1}.Debug|x64.Build.0 = Debug|x64
		{6FF73C9D-5933-40E4-B052-B5C9917D93A1}.Release|Win32.ActiveCfg = Release|Win32
		{6FF73C9D-5933-40E4-B052-B5C9917D93A1}.Release|Win32.Build.0 = Release|Win32
		{6FF73C9D-5933-40E4-B052-B5C9917D93A1}.Release|x64.ActiveCfg = Release|x64
		{6FF73C9D-5933-40E4-B052-B5C9917D93A1}.Release|x64.Build.0 = Release|x64
	EndGlobalSection
	GlobalSection(SolutionProperties) = preSolution
		HideSolutionNode = FALSE
	EndGlobalSection
EndGlobal
