<?xml version="1.0" encoding="utf-8"?>
<Project ToolsVersion="4.0" xmlns="http://schemas.microsoft.com/developer/msbuild/2003">
  <ItemGroup>
    <Filter Include="Source Files">
      <UniqueIdentifier>{5c79ebf9-c6de-4346-b958-79757be9283f}</UniqueIdentifier>
      <Extensions>cpp;c;cxx;def;odl;idl;hpj;bat;asm</Extensions>
    </Filter>
    <Filter Include="Header Files">
      <UniqueIdentifier>{5b9acf5f-eacb-47c0-8d7c-784ab8c54bc5}</UniqueIdentifier>
      <Extensions>h;hpp;hxx;hm;inl;inc</Extensions>
    </Filter>
    <Filter Include="Resource Files">
      <UniqueIdentifier>{2dfb1958-a023-4bc5-8453-93c568155a8c}</UniqueIdentifier>
      <Extensions>rc;ico;cur;bmp;dlg;rc2;rct;bin;rgs;jpg;jpeg;jpe;manifest</Extensions>
    </Filter>
  </ItemGroup>
  <ItemGroup>
    <ClCompile Include="stdafx.cpp">
      <Filter>Source Files</Filter>
    </ClCompile>
    <ClCompile Include="InjectWorkerHelper.cpp">
      <Filter>Source Files</Filter>
    </ClCompile>
    <ClCompile Include="PEFuncs.cpp">
      <Filter>Source Files</Filter>
    </ClCompile>
  </ItemGroup>
  <ItemGroup>
    <ClInclude Include="stdafx.h">
      <Filter>Header Files</Filter>
    </ClInclude>
    <ClInclude Include="AboutDlg.h">
      <Filter>Header Files</Filter>
    </ClInclude>
    <ClInclude Include="resource.h">
      <Filter>Header Files</Filter>
    </ClInclude>
    <ClInclude Include="ManagerDlg.h">
      <Filter>Header Files</Filter>
    </ClInclude>
    <ClInclude Include="CodeDataBase.h">
      <Filter>Header Files</Filter>
    </ClInclude>
    <ClInclude Include="PEFuncs.h">
      <Filter>Header Files</Filter>
    </ClInclude>
    <ClInclude Include="SuspendProcessInjectDlg.h">
      <Filter>Header Files</Filter>
    </ClInclude>
    <ClInclude Include="ImportInjectDlg.h">
      <Filter>Header Files</Filter>
    </ClInclude>
    <ClInclude Include="SuspendThreadInjectDlg.h">
      <Filter>Header Files</Filter>
    </ClInclude>
    <ClInclude Include="DebuggeeInjectDlg.h">
      <Filter>Header Files</Filter>
    </ClInclude>
    <ClInclude Include="APCInjectDlg.h">
      <Filter>Header Files</Filter>
    </ClInclude>
    <ClInclude Include="RegistryInjectDlg.h">
      <Filter>Header Files</Filter>
    </ClInclude>
    <ClInclude Include="HookInjectDlg.h">
      <Filter>Header Files</Filter>
    </ClInclude>
    <ClInclude Include="RemoteThreadInjectDlg.h">
      <Filter>Header Files</Filter>
    </ClInclude>
    <ClInclude Include="IMEInjectDlg.h">
      <Filter>Header Files</Filter>
    </ClInclude>
    <ClInclude Include="HijackInjectDlg.h">
      <Filter>Header Files</Filter>
    </ClInclude>
    <ClInclude Include="AntiHookInjectDlg.h">
      <Filter>Header Files</Filter>
    </ClInclude>
  </ItemGroup>
  <ItemGroup>
    <ResourceCompile Include="InjectWorkerHelper.rc">
      <Filter>Resource Files</Filter>
    </ResourceCompile>
  </ItemGroup>
  <ItemGroup>
    <Image Include="res\InjectWorkerHelper.ico">
      <Filter>Resource Files</Filter>
    </Image>
  </ItemGroup>
</Project>