
Microsoft Visual Studio Solution File, Format Version 12.00
# Visual Studio 2013
VisualStudioVersion = 12.0.40629.0
MinimumVisualStudioVersion = 10.0.40219.1
Project("{8BC9CEB8-8B4A-11D0-8D11-00A0C91BC942}") = "InjectWorkerHelper", "InjectWorkerHelper\InjectWorkerHelper.vcxproj", "{D705A7D7-6A53-4BE5-BA0E-9970C7C75F4F}"
EndProject
Project("{8BC9CEB8-8B4A-11D0-8D11-00A0C91BC942}") = "InjectHelper", "InjectHelper\InjectHelper.vcxproj", "{DB17BC85-83D0-4145-868C-4C15B4DA55AF}"
EndProject
Project("{8BC9CEB8-8B4A-11D0-8D11-00A0C91BC942}") = "InjectImeDll", "InjectImeDll\InjectImeDll.vcxproj", "{720159FE-9237-4B45-BA5F-58F61CB4AC6F}"
EndProject
Global
	GlobalSection(SolutionConfigurationPlatforms) = preSolution
		Debug|Win32 = Debug|Win32
		Debug|x64 = Debug|x64
		Release|Win32 = Release|Win32
		Release|x64 = Release|x64
	EndGlobalSection
	GlobalSection(ProjectConfigurationPlatforms) = postSolution
		{D705A7D7-6A53-4BE5-BA0E-9970C7C75F4F}.Debug|Win32.ActiveCfg = Debug|Win32
		{D705A7D7-6A53-4BE5-BA0E-9970C7C75F4F}.Debug|Win32.Build.0 = Debug|Win32
		{D705A7D7-6A53-4BE5-BA0E-9970C7C75F4F}.Debug|x64.ActiveCfg = Release|x64
		{D705A7D7-6A53-4BE5-BA0E-9970C7C75F4F}.Debug|x64.Build.0 = Release|x64
		{D705A7D7-6A53-4BE5-BA0E-9970C7C75F4F}.Release|Win32.ActiveCfg = Release|Win32
		{D705A7D7-6A53-4BE5-BA0E-9970C7C75F4F}.Release|Win32.Build.0 = Release|Win32
		{D705A7D7-6A53-4BE5-BA0E-9970C7C75F4F}.Release|x64.ActiveCfg = Release|x64
		{D705A7D7-6A53-4BE5-BA0E-9970C7C75F4F}.Release|x64.Build.0 = Release|x64
		{DB17BC85-83D0-4145-868C-4C15B4DA55AF}.Debug|Win32.ActiveCfg = Debug|Win32
		{DB17BC85-83D0-4145-868C-4C15B4DA55AF}.Debug|Win32.Build.0 = Debug|Win32
		{DB17BC85-83D0-4145-868C-4C15B4DA55AF}.Debug|x64.ActiveCfg = Release|x64
		{DB17BC85-83D0-4145-868C-4C15B4DA55AF}.Debug|x64.Build.0 = Release|x64
		{DB17BC85-83D0-4145-868C-4C15B4DA55AF}.Release|Win32.ActiveCfg = Release|Win32
		{DB17BC85-83D0-4145-868C-4C15B4DA55AF}.Release|Win32.Build.0 = Release|Win32
		{DB17BC85-83D0-4145-868C-4C15B4DA55AF}.Release|x64.ActiveCfg = Release|x64
		{DB17BC85-83D0-4145-868C-4C15B4DA55AF}.Release|x64.Build.0 = Release|x64
		{720159FE-9237-4B45-BA5F-58F61CB4AC6F}.Debug|Win32.ActiveCfg = Debug|Win32
		{720159FE-9237-4B45-BA5F-58F61CB4AC6F}.Debug|Win32.Build.0 = Debug|Win32
		{720159FE-9237-4B45-BA5F-58F61CB4AC6F}.Debug|x64.ActiveCfg = Release|x64
		{720159FE-9237-4B45-BA5F-58F61CB4AC6F}.Debug|x64.Build.0 = Release|x64
		{720159FE-9237-4B45-BA5F-58F61CB4AC6F}.Release|Win32.ActiveCfg = Release|Win32
		{720159FE-9237-4B45-BA5F-58F61CB4AC6F}.Release|Win32.Build.0 = Release|Win32
		{720159FE-9237-4B45-BA5F-58F61CB4AC6F}.Release|x64.ActiveCfg = Release|x64
		{720159FE-9237-4B45-BA5F-58F61CB4AC6F}.Release|x64.Build.0 = Release|x64
	EndGlobalSection
	GlobalSection(SolutionProperties) = preSolution
		HideSolutionNode = FALSE
	EndGlobalSection
EndGlobal
