
Microsoft Visual Studio Solution File, Format Version 12.00
# Visual Studio 2013
VisualStudioVersion = 12.0.40629.0
MinimumVisualStudioVersion = 10.0.40219.1
Project("{8BC9CEB8-8B4A-11D0-8D11-00A0C91BC942}") = "APCInject", "APCInject\APCInject.vcxproj", "{88A22436-8669-4BEC-8E6A-8F3FD45CF70D}"
EndProject
Project("{8BC9CEB8-8B4A-11D0-8D11-00A0C91BC942}") = "APCInjectDll", "APCInjectDll\APCInjectDll.vcxproj", "{9EF212DC-2426-47C8-B591-304F681A2951}"
EndProject
Global
	GlobalSection(SolutionConfigurationPlatforms) = preSolution
		Debug|Win32 = Debug|Win32
		Debug|x64 = Debug|x64
		Release|Win32 = Release|Win32
		Release|x64 = Release|x64
	EndGlobalSection
	GlobalSection(ProjectConfigurationPlatforms) = postSolution
		{88A22436-8669-4BEC-8E6A-8F3FD45CF70D}.Debug|Win32.ActiveCfg = Debug|Win32
		{88A22436-8669-4BEC-8E6A-8F3FD45CF70D}.Debug|Win32.Build.0 = Debug|Win32
		{88A22436-8669-4BEC-8E6A-8F3FD45CF70D}.Debug|x64.ActiveCfg = Debug|x64
		{88A22436-8669-4BEC-8E6A-8F3FD45CF70D}.Debug|x64.Build.0 = Debug|x64
		{88A22436-8669-4BEC-8E6A-8F3FD45CF70D}.Release|Win32.ActiveCfg = Release|Win32
		{88A22436-8669-4BEC-8E6A-8F3FD45CF70D}.Release|Win32.Build.0 = Release|Win32
		{88A22436-8669-4BEC-8E6A-8F3FD45CF70D}.Release|x64.ActiveCfg = Release|x64
		{88A22436-8669-4BEC-8E6A-8F3FD45CF70D}.Release|x64.Build.0 = Release|x64
		{9EF212DC-2426-47C8-B591-304F681A2951}.Debug|Win32.ActiveCfg = Debug|Win32
		{9EF212DC-2426-47C8-B591-304F681A2951}.Debug|Win32.Build.0 = Debug|Win32
		{9EF212DC-2426-47C8-B591-304F681A2951}.Debug|x64.ActiveCfg = Debug|x64
		{9EF212DC-2426-47C8-B591-304F681A2951}.Debug|x64.Build.0 = Debug|x64
		{9EF212DC-2426-47C8-B591-304F681A2951}.Release|Win32.ActiveCfg = Release|Win32
		{9EF212DC-2426-47C8-B591-304F681A2951}.Release|Win32.Build.0 = Release|Win32
		{9EF212DC-2426-47C8-B591-304F681A2951}.Release|x64.ActiveCfg = Release|x64
		{9EF212DC-2426-47C8-B591-304F681A2951}.Release|x64.Build.0 = Release|x64
	EndGlobalSection
	GlobalSection(SolutionProperties) = preSolution
		HideSolutionNode = FALSE
	EndGlobalSection
EndGlobal
