
Microsoft Visual Studio Solution File, Format Version 12.00
# Visual Studio 2013
VisualStudioVersion = 12.0.40629.0
MinimumVisualStudioVersion = 10.0.40219.1
Project("{8BC9CEB8-8B4A-11D0-8D11-00A0C91BC942}") = "CreateRemoteThreadInjectDLL", "CreateRemoteThreadInjectDLL\CreateRemoteThreadInjectDLL.vcxproj", "{9C854054-CC17-4155-AEC5-93B2BB6966DF}"
EndProject
Project("{8BC9CEB8-8B4A-11D0-8D11-00A0C91BC942}") = "CreateRemoteThreadInjectWindow", "CreateRemoteThreadInjectWindow\CreateRemoteThreadInjectWindow.vcxproj", "{D3FA6E43-966A-4A59-8447-7281013368E5}"
EndProject
Global
	GlobalSection(SolutionConfigurationPlatforms) = preSolution
		Debug|x64 = Debug|x64
		Debug|x86 = Debug|x86
		Release|x64 = Release|x64
		Release|x86 = Release|x86
	EndGlobalSection
	GlobalSection(ProjectConfigurationPlatforms) = postSolution
		{9C854054-CC17-4155-AEC5-93B2BB6966DF}.Debug|x64.ActiveCfg = Debug|x64
		{9C854054-CC17-4155-AEC5-93B2BB6966DF}.Debug|x64.Build.0 = Debug|x64
		{9C854054-CC17-4155-AEC5-93B2BB6966DF}.Debug|x86.ActiveCfg = Debug|Win32
		{9C854054-CC17-4155-AEC5-93B2BB6966DF}.Debug|x86.Build.0 = Debug|Win32
		{9C854054-CC17-4155-AEC5-93B2BB6966DF}.Release|x64.ActiveCfg = Release|x64
		{9C854054-CC17-4155-AEC5-93B2BB6966DF}.Release|x64.Build.0 = Release|x64
		{9C854054-CC17-4155-AEC5-93B2BB6966DF}.Release|x86.ActiveCfg = Release|Win32
		{9C854054-CC17-4155-AEC5-93B2BB6966DF}.Release|x86.Build.0 = Release|Win32
		{D3FA6E43-966A-4A59-8447-7281013368E5}.Debug|x64.ActiveCfg = Debug|x64
		{D3FA6E43-966A-4A59-8447-7281013368E5}.Debug|x64.Build.0 = Debug|x64
		{D3FA6E43-966A-4A59-8447-7281013368E5}.Debug|x86.ActiveCfg = Debug|Win32
		{D3FA6E43-966A-4A59-8447-7281013368E5}.Debug|x86.Build.0 = Debug|Win32
		{D3FA6E43-966A-4A59-8447-7281013368E5}.Release|x64.ActiveCfg = Release|x64
		{D3FA6E43-966A-4A59-8447-7281013368E5}.Release|x64.Build.0 = Release|x64
		{D3FA6E43-966A-4A59-8447-7281013368E5}.Release|x86.ActiveCfg = Release|Win32
		{D3FA6E43-966A-4A59-8447-7281013368E5}.Release|x86.Build.0 = Release|Win32
	EndGlobalSection
	GlobalSection(SolutionProperties) = preSolution
		HideSolutionNode = FALSE
	EndGlobalSection
EndGlobal
